
Microsoft Visual Studio Solution File, Format Version 12.00
# Visual Studio Version 17
VisualStudioVersion = 17.0.31912.275
MinimumVisualStudioVersion = 10.0.40219.1
Project("{FAE04EC0-301F-11D3-BF4B-00C04F79EFBC}") = "AbstracaoNaPratica", "AbstracaoNaPratica\AbstracaoNaPratica.csproj", "{10AEF689-F218-4CFC-8A2C-4BAE1E80D24B}"
EndProject
Global
	GlobalSection(SolutionConfigurationPlatforms) = preSolution
		Debug|Any CPU = Debug|Any CPU
		Release|Any CPU = Release|Any CPU
	EndGlobalSection
	GlobalSection(ProjectConfigurationPlatforms) = postSolution
		{10AEF689-F218-4CFC-8A2C-4BAE1E80D24B}.Debug|Any CPU.ActiveCfg = Debug|Any CPU
		{10AEF689-F218-4CFC-8A2C-4BAE1E80D24B}.Debug|Any CPU.Build.0 = Debug|Any CPU
		{10AEF689-F218-4CFC-8A2C-4BAE1E80D24B}.Release|Any CPU.ActiveCfg = Release|Any CPU
		{10AEF689-F218-4CFC-8A2C-4BAE1E80D24B}.Release|Any CPU.Build.0 = Release|Any CPU
	EndGlobalSection
	GlobalSection(SolutionProperties) = preSolution
		HideSolutionNode = FALSE
	EndGlobalSection
	GlobalSection(ExtensibilityGlobals) = postSolution
		SolutionGuid = {CC3C0AA5-EB03-4FB9-B9E5-D007A427F27B}
	EndGlobalSection
EndGlobal
