
Microsoft Visual Studio Solution File, Format Version 12.00
# Visual Studio Version 17
VisualStudioVersion = 17.0.31912.275
MinimumVisualStudioVersion = 10.0.40219.1
Project("{FAE04EC0-301F-11D3-BF4B-00C04F79EFBC}") = "Exercicio2", "Exercicio2\Exercicio2.csproj", "{B1365DBF-DA4F-4EF8-B297-CC5F2E02CD53}"
EndProject
Global
	GlobalSection(SolutionConfigurationPlatforms) = preSolution
		Debug|Any CPU = Debug|Any CPU
		Release|Any CPU = Release|Any CPU
	EndGlobalSection
	GlobalSection(ProjectConfigurationPlatforms) = postSolution
		{B1365DBF-DA4F-4EF8-B297-CC5F2E02CD53}.Debug|Any CPU.ActiveCfg = Debug|Any CPU
		{B1365DBF-DA4F-4EF8-B297-CC5F2E02CD53}.Debug|Any CPU.Build.0 = Debug|Any CPU
		{B1365DBF-DA4F-4EF8-B297-CC5F2E02CD53}.Release|Any CPU.ActiveCfg = Release|Any CPU
		{B1365DBF-DA4F-4EF8-B297-CC5F2E02CD53}.Release|Any CPU.Build.0 = Release|Any CPU
	EndGlobalSection
	GlobalSection(SolutionProperties) = preSolution
		HideSolutionNode = FALSE
	EndGlobalSection
	GlobalSection(ExtensibilityGlobals) = postSolution
		SolutionGuid = {717AAB42-1B54-43CE-BBF1-BD0F73A888BA}
	EndGlobalSection
EndGlobal
