
Microsoft Visual Studio Solution File, Format Version 12.00
# Visual Studio Version 17
VisualStudioVersion = 17.0.32002.185
MinimumVisualStudioVersion = 10.0.40219.1
Project("{9A19103F-16F7-4668-BE54-9A1E7A4F7556}") = "Exercicio3_Unicamp_POO", "Exercicio3_Unicamp_POO\Exercicio3_Unicamp_POO.csproj", "{0BA7AE4A-F368-498A-8651-673A8E2C719B}"
EndProject
Project("{2150E333-8FDC-42A3-9474-1A3956D46DE8}") = "Solution Items", "Solution Items", "{AB282A78-3992-4C04-9E96-0747DFC75C9A}"
	ProjectSection(SolutionItems) = preProject
		.editorconfig = .editorconfig
	EndProjectSection
EndProject
Global
	GlobalSection(SolutionConfigurationPlatforms) = preSolution
		Debug|Any CPU = Debug|Any CPU
		Release|Any CPU = Release|Any CPU
	EndGlobalSection
	GlobalSection(ProjectConfigurationPlatforms) = postSolution
		{0BA7AE4A-F368-498A-8651-673A8E2C719B}.Debug|Any CPU.ActiveCfg = Debug|Any CPU
		{0BA7AE4A-F368-498A-8651-673A8E2C719B}.Debug|Any CPU.Build.0 = Debug|Any CPU
		{0BA7AE4A-F368-498A-8651-673A8E2C719B}.Release|Any CPU.ActiveCfg = Release|Any CPU
		{0BA7AE4A-F368-498A-8651-673A8E2C719B}.Release|Any CPU.Build.0 = Release|Any CPU
	EndGlobalSection
	GlobalSection(SolutionProperties) = preSolution
		HideSolutionNode = FALSE
	EndGlobalSection
	GlobalSection(ExtensibilityGlobals) = postSolution
		SolutionGuid = {9F938CFB-A8ED-48A6-8EAB-1DC5A76B30FA}
	EndGlobalSection
EndGlobal
