
Microsoft Visual Studio Solution File, Format Version 12.00
# Visual Studio Version 17
VisualStudioVersion = 17.0.32002.185
MinimumVisualStudioVersion = 10.0.40219.1
Project("{FAE04EC0-301F-11D3-BF4B-00C04F79EFBC}") = "Exercicio3_Unicamp_POO", "Exercicio3_Unicamp_POO\Exercicio3_Unicamp_POO.csproj", "{0BA7AE4A-F368-498A-8651-673A8E2C719B}"
EndProject
Global
	GlobalSection(SolutionConfigurationPlatforms) = preSolution
		Debug|Any CPU = Debug|Any CPU
		Release|Any CPU = Release|Any CPU
	EndGlobalSection
	GlobalSection(ProjectConfigurationPlatforms) = postSolution
		{0BA7AE4A-F368-498A-8651-673A8E2C719B}.Debug|Any CPU.ActiveCfg = Debug|Any CPU
		{0BA7AE4A-F368-498A-8651-673A8E2C719B}.Debug|Any CPU.Build.0 = Debug|Any CPU
		{0BA7AE4A-F368-498A-8651-673A8E2C719B}.Release|Any CPU.ActiveCfg = Release|Any CPU
		{0BA7AE4A-F368-498A-8651-673A8E2C719B}.Release|Any CPU.Build.0 = Release|Any CPU
	EndGlobalSection
	GlobalSection(SolutionProperties) = preSolution
		HideSolutionNode = FALSE
	EndGlobalSection
	GlobalSection(ExtensibilityGlobals) = postSolution
		SolutionGuid = {9F938CFB-A8ED-48A6-8EAB-1DC5A76B30FA}
	EndGlobalSection
EndGlobal
