
Microsoft Visual Studio Solution File, Format Version 12.00
# Visual Studio Version 17
VisualStudioVersion = 17.0.31912.275
MinimumVisualStudioVersion = 10.0.40219.1
Project("{FAE04EC0-301F-11D3-BF4B-00C04F79EFBC}") = "ClassesAbstratas", "ClassesAbstratas\ClassesAbstratas.csproj", "{0907C10C-2623-4FB6-8DA1-09C43667E85D}"
EndProject
Global
	GlobalSection(SolutionConfigurationPlatforms) = preSolution
		Debug|Any CPU = Debug|Any CPU
		Release|Any CPU = Release|Any CPU
	EndGlobalSection
	GlobalSection(ProjectConfigurationPlatforms) = postSolution
		{0907C10C-2623-4FB6-8DA1-09C43667E85D}.Debug|Any CPU.ActiveCfg = Debug|Any CPU
		{0907C10C-2623-4FB6-8DA1-09C43667E85D}.Debug|Any CPU.Build.0 = Debug|Any CPU
		{0907C10C-2623-4FB6-8DA1-09C43667E85D}.Release|Any CPU.ActiveCfg = Release|Any CPU
		{0907C10C-2623-4FB6-8DA1-09C43667E85D}.Release|Any CPU.Build.0 = Release|Any CPU
	EndGlobalSection
	GlobalSection(SolutionProperties) = preSolution
		HideSolutionNode = FALSE
	EndGlobalSection
	GlobalSection(ExtensibilityGlobals) = postSolution
		SolutionGuid = {DF4020BB-BBFB-452D-91D7-8793F4B25226}
	EndGlobalSection
EndGlobal
