
Microsoft Visual Studio Solution File, Format Version 12.00
# Visual Studio Version 17
VisualStudioVersion = 17.0.32002.185
MinimumVisualStudioVersion = 10.0.40219.1
Project("{FAE04EC0-301F-11D3-BF4B-00C04F79EFBC}") = "ConsoleApp1", "ConsoleApp1.csproj", "{8A7C9FFA-68A6-4348-88A7-74B627967ADA}"
EndProject
Global
	GlobalSection(SolutionConfigurationPlatforms) = preSolution
		Debug|Any CPU = Debug|Any CPU
		Release|Any CPU = Release|Any CPU
	EndGlobalSection
	GlobalSection(ProjectConfigurationPlatforms) = postSolution
		{8A7C9FFA-68A6-4348-88A7-74B627967ADA}.Debug|Any CPU.ActiveCfg = Debug|Any CPU
		{8A7C9FFA-68A6-4348-88A7-74B627967ADA}.Debug|Any CPU.Build.0 = Debug|Any CPU
		{8A7C9FFA-68A6-4348-88A7-74B627967ADA}.Release|Any CPU.ActiveCfg = Release|Any CPU
		{8A7C9FFA-68A6-4348-88A7-74B627967ADA}.Release|Any CPU.Build.0 = Release|Any CPU
	EndGlobalSection
	GlobalSection(SolutionProperties) = preSolution
		HideSolutionNode = FALSE
	EndGlobalSection
	GlobalSection(ExtensibilityGlobals) = postSolution
		SolutionGuid = {00E3DF9E-1EED-4F89-861C-3425DE4204FA}
	EndGlobalSection
EndGlobal
