
Microsoft Visual Studio Solution File, Format Version 12.00
# Visual Studio Version 17
VisualStudioVersion = 17.0.32002.185
MinimumVisualStudioVersion = 10.0.40219.1
Project("{FAE04EC0-301F-11D3-BF4B-00C04F79EFBC}") = "Exercicio2_Unicamp_POO", "Exercicio2_Unicamp_POO\Exercicio2_Unicamp_POO.csproj", "{31062DDD-E47F-4685-9C6B-FE86CED7EAB7}"
EndProject
Global
	GlobalSection(SolutionConfigurationPlatforms) = preSolution
		Debug|Any CPU = Debug|Any CPU
		Release|Any CPU = Release|Any CPU
	EndGlobalSection
	GlobalSection(ProjectConfigurationPlatforms) = postSolution
		{31062DDD-E47F-4685-9C6B-FE86CED7EAB7}.Debug|Any CPU.ActiveCfg = Debug|Any CPU
		{31062DDD-E47F-4685-9C6B-FE86CED7EAB7}.Debug|Any CPU.Build.0 = Debug|Any CPU
		{31062DDD-E47F-4685-9C6B-FE86CED7EAB7}.Release|Any CPU.ActiveCfg = Release|Any CPU
		{31062DDD-E47F-4685-9C6B-FE86CED7EAB7}.Release|Any CPU.Build.0 = Release|Any CPU
	EndGlobalSection
	GlobalSection(SolutionProperties) = preSolution
		HideSolutionNode = FALSE
	EndGlobalSection
	GlobalSection(ExtensibilityGlobals) = postSolution
		SolutionGuid = {DC3439F2-1899-4B67-A70A-B154265EDF68}
	EndGlobalSection
EndGlobal
