
Microsoft Visual Studio Solution File, Format Version 12.00
# Visual Studio Version 17
VisualStudioVersion = 17.0.31912.275
MinimumVisualStudioVersion = 10.0.40219.1
Project("{FAE04EC0-301F-11D3-BF4B-00C04F79EFBC}") = "PolimorfismoNaPratica", "PolimosrfismoNaPratica\PolimorfismoNaPratica.csproj", "{3F005249-9CA0-4BEB-A865-AC76A49A2500}"
EndProject
Global
	GlobalSection(SolutionConfigurationPlatforms) = preSolution
		Debug|Any CPU = Debug|Any CPU
		Release|Any CPU = Release|Any CPU
	EndGlobalSection
	GlobalSection(ProjectConfigurationPlatforms) = postSolution
		{3F005249-9CA0-4BEB-A865-AC76A49A2500}.Debug|Any CPU.ActiveCfg = Debug|Any CPU
		{3F005249-9CA0-4BEB-A865-AC76A49A2500}.Debug|Any CPU.Build.0 = Debug|Any CPU
		{3F005249-9CA0-4BEB-A865-AC76A49A2500}.Release|Any CPU.ActiveCfg = Release|Any CPU
		{3F005249-9CA0-4BEB-A865-AC76A49A2500}.Release|Any CPU.Build.0 = Release|Any CPU
	EndGlobalSection
	GlobalSection(SolutionProperties) = preSolution
		HideSolutionNode = FALSE
	EndGlobalSection
	GlobalSection(ExtensibilityGlobals) = postSolution
		SolutionGuid = {41E6B8EF-96E3-4CD9-888D-D91A97809465}
	EndGlobalSection
EndGlobal
